
Microsoft Visual Studio Solution File, Format Version 12.00
Project("{FAE04EC0-301F-11D3-BF4B-00C04F79EFBC}") = "laba4", "laba4\laba4.csproj", "{DB315590-89D6-4485-8AFB-5C86A650694C}"
EndProject
Global
	GlobalSection(SolutionConfigurationPlatforms) = preSolution
		Debug|Any CPU = Debug|Any CPU
		Release|Any CPU = Release|Any CPU
	EndGlobalSection
	GlobalSection(ProjectConfigurationPlatforms) = postSolution
		{DB315590-89D6-4485-8AFB-5C86A650694C}.Debug|Any CPU.ActiveCfg = Debug|Any CPU
		{DB315590-89D6-4485-8AFB-5C86A650694C}.Debug|Any CPU.Build.0 = Debug|Any CPU
		{DB315590-89D6-4485-8AFB-5C86A650694C}.Release|Any CPU.ActiveCfg = Release|Any CPU
		{DB315590-89D6-4485-8AFB-5C86A650694C}.Release|Any CPU.Build.0 = Release|Any CPU
	EndGlobalSection
EndGlobal
